
Microsoft Visual Studio Solution File, Format Version 12.00
# Visual Studio Version 17
VisualStudioVersion = 17.3.32929.385
MinimumVisualStudioVersion = 10.0.40219.1
Project("{FAE04EC0-301F-11D3-BF4B-00C04F79EFBC}") = "ObjectOrientedProgram", "ObjectOrientedProgram.csproj", "{5460E8BC-CA23-4ACE-8280-98A7A0B40D64}"
EndProject
Global
	GlobalSection(SolutionConfigurationPlatforms) = preSolution
		Debug|Any CPU = Debug|Any CPU
		Release|Any CPU = Release|Any CPU
	EndGlobalSection
	GlobalSection(ProjectConfigurationPlatforms) = postSolution
		{5460E8BC-CA23-4ACE-8280-98A7A0B40D64}.Debug|Any CPU.ActiveCfg = Debug|Any CPU
		{5460E8BC-CA23-4ACE-8280-98A7A0B40D64}.Debug|Any CPU.Build.0 = Debug|Any CPU
		{5460E8BC-CA23-4ACE-8280-98A7A0B40D64}.Release|Any CPU.ActiveCfg = Release|Any CPU
		{5460E8BC-CA23-4ACE-8280-98A7A0B40D64}.Release|Any CPU.Build.0 = Release|Any CPU
	EndGlobalSection
	GlobalSection(SolutionProperties) = preSolution
		HideSolutionNode = FALSE
	EndGlobalSection
	GlobalSection(ExtensibilityGlobals) = postSolution
		SolutionGuid = {FBA82D6B-0C1C-472A-86D8-D1198A989527}
	EndGlobalSection
EndGlobal
